// !$*UTF8*$!
{
	archiveVersion = 1;
	classes = {
	};
	objectVersion = 46;
	objects = {

/* Begin PBXBuildFile section */
		3503B9041A8FE47A001BB31E /* AppDelegate.swift in Sources */ = {isa = PBXBuildFile; fileRef = 3503B9031A8FE47A001BB31E /* AppDelegate.swift */; };
		3503B9061A8FE47A001BB31E /* ViewController.swift in Sources */ = {isa = PBXBuildFile; fileRef = 3503B9051A8FE47A001BB31E /* ViewController.swift */; };
		3503B9091A8FE47A001BB31E /* Main.storyboard in Resources */ = {isa = PBXBuildFile; fileRef = 3503B9071A8FE47A001BB31E /* Main.storyboard */; };
		3503B90B1A8FE47A001BB31E /* Images.xcassets in Resources */ = {isa = PBXBuildFile; fileRef = 3503B90A1A8FE47A001BB31E /* Images.xcassets */; };
		3503B90E1A8FE47A001BB31E /* LaunchScreen.xib in Resources */ = {isa = PBXBuildFile; fileRef = 3503B90C1A8FE47A001BB31E /* LaunchScreen.xib */; };
		3503B91A1A8FE47A001BB31E /* EverPobreSwiftTests.swift in Sources */ = {isa = PBXBuildFile; fileRef = 3503B9191A8FE47A001BB31E /* EverPobreSwiftTests.swift */; };
/* End PBXBuildFile section */

/* Begin PBXContainerItemProxy section */
		3503B9141A8FE47A001BB31E /* PBXContainerItemProxy */ = {
			isa = PBXContainerItemProxy;
			containerPortal = 3503B8F61A8FE47A001BB31E /* Project object */;
			proxyType = 1;
			remoteGlobalIDString = 3503B8FD1A8FE47A001BB31E;
			remoteInfo = EverPobreSwift;
		};
/* End PBXContainerItemProxy section */

/* Begin PBXFileReference section */
		3503B8FE1A8FE47A001BB31E /* EverPobreSwift.app */ = {isa = PBXFileReference; explicitFileType = wrapper.application; includeInIndex = 0; path = EverPobreSwift.app; sourceTree = BUILT_PRODUCTS_DIR; };
		3503B9021A8FE47A001BB31E /* Info.plist */ = {isa = PBXFileReference; lastKnownFileType = text.plist.xml; path = Info.plist; sourceTree = "<group>"; };
		3503B9031A8FE47A001BB31E /* AppDelegate.swift */ = {isa = PBXFileReference; lastKnownFileType = sourcecode.swift; path = AppDelegate.swift; sourceTree = "<group>"; };
		3503B9051A8FE47A001BB31E /* ViewController.swift */ = {isa = PBXFileReference; lastKnownFileType = sourcecode.swift; path = ViewController.swift; sourceTree = "<group>"; };
		3503B9081A8FE47A001BB31E /* Base */ = {isa = PBXFileReference; lastKnownFileType = file.storyboard; name = Base; path = Base.lproj/Main.storyboard; sourceTree = "<group>"; };
		3503B90A1A8FE47A001BB31E /* Images.xcassets */ = {isa = PBXFileReference; lastKnownFileType = folder.assetcatalog; path = Images.xcassets; sourceTree = "<group>"; };
		3503B90D1A8FE47A001BB31E /* Base */ = {isa = PBXFileReference; lastKnownFileType = file.xib; name = Base; path = Base.lproj/LaunchScreen.xib; sourceTree = "<group>"; };
		3503B9131A8FE47A001BB31E /* EverPobreSwiftTests.xctest */ = {isa = PBXFileReference; explicitFileType = wrapper.cfbundle; includeInIndex = 0; path = EverPobreSwiftTests.xctest; sourceTree = BUILT_PRODUCTS_DIR; };
		3503B9181A8FE47A001BB31E /* Info.plist */ = {isa = PBXFileReference; lastKnownFileType = text.plist.xml; path = Info.plist; sourceTree = "<group>"; };
		3503B9191A8FE47A001BB31E /* EverPobreSwiftTests.swift */ = {isa = PBXFileReference; lastKnownFileType = sourcecode.swift; path = EverPobreSwiftTests.swift; sourceTree = "<group>"; };
/* End PBXFileReference section */

/* Begin PBXFrameworksBuildPhase section */
		3503B8FB1A8FE47A001BB31E /* Frameworks */ = {
			isa = PBXFrameworksBuildPhase;
			buildActionMask = 2147483647;
			files = (
			);
			runOnlyForDeploymentPostprocessing = 0;
		};
		3503B9101A8FE47A001BB31E /* Frameworks */ = {
			isa = PBXFrameworksBuildPhase;
			buildActionMask = 2147483647;
			files = (
			);
			runOnlyForDeploymentPostprocessing = 0;
		};
/* End PBXFrameworksBuildPhase section */

/* Begin PBXGroup section */
		3503B8F51A8FE47A001BB31E = {
			isa = PBXGroup;
			children = (
				3503B9001A8FE47A001BB31E /* EverPobreSwift */,
				3503B9161A8FE47A001BB31E /* EverPobreSwiftTests */,
				3503B8FF1A8FE47A001BB31E /* Products */,
			);
			sourceTree = "<group>";
		};
		3503B8FF1A8FE47A001BB31E /* Products */ = {
			isa = PBXGroup;
			children = (
				3503B8FE1A8FE47A001BB31E /* EverPobreSwift.app */,
				3503B9131A8FE47A001BB31E /* EverPobreSwiftTests.xctest */,
			);
			name = Products;
			sourceTree = "<group>";
		};
		3503B9001A8FE47A001BB31E /* EverPobreSwift */ = {
			isa = PBXGroup;
			children = (
				3503B9031A8FE47A001BB31E /* AppDelegate.swift */,
				3503B9051A8FE47A001BB31E /* ViewController.swift */,
				3503B9071A8FE47A001BB31E /* Main.storyboard */,
				3503B90A1A8FE47A001BB31E /* Images.xcassets */,
				3503B90C1A8FE47A001BB31E /* LaunchScreen.xib */,
				3503B9011A8FE47A001BB31E /* Supporting Files */,
			);
			path = EverPobreSwift;
			sourceTree = "<group>";
		};
		3503B9011A8FE47A001BB31E /* Supporting Files */ = {
			isa = PBXGroup;
			children = (
				3503B9021A8FE47A001BB31E /* Info.plist */,
			);
			name = "Supporting Files";
			sourceTree = "<group>";
		};
		3503B9161A8FE47A001BB31E /* EverPobreSwiftTests */ = {
			isa = PBXGroup;
			children = (
				3503B9191A8FE47A001BB31E /* EverPobreSwiftTests.swift */,
				3503B9171A8FE47A001BB31E /* Supporting Files */,
			);
			path = EverPobreSwiftTests;
			sourceTree = "<group>";
		};
		3503B9171A8FE47A001BB31E /* Supporting Files */ = {
			isa = PBXGroup;
			children = (
				3503B9181A8FE47A001BB31E /* Info.plist */,
			);
			name = "Supporting Files";
			sourceTree = "<group>";
		};
/* End PBXGroup section */

/* Begin PBXNativeTarget section */
		3503B8FD1A8FE47A001BB31E /* EverPobreSwift */ = {
			isa = PBXNativeTarget;
			buildConfigurationList = 3503B91D1A8FE47A001BB31E /* Build configuration list for PBXNativeTarget "EverPobreSwift" */;
			buildPhases = (
				3503B8FA1A8FE47A001BB31E /* Sources */,
				3503B8FB1A8FE47A001BB31E /* Frameworks */,
				3503B8FC1A8FE47A001BB31E /* Resources */,
			);
			buildRules = (
			);
			dependencies = (
			);
			name = EverPobreSwift;
			productName = EverPobreSwift;
			productReference = 3503B8FE1A8FE47A001BB31E /* EverPobreSwift.app */;
			productType = "com.apple.product-type.application";
		};
		3503B9121A8FE47A001BB31E /* EverPobreSwiftTests */ = {
			isa = PBXNativeTarget;
			buildConfigurationList = 3503B9201A8FE47A001BB31E /* Build configuration list for PBXNativeTarget "EverPobreSwiftTests" */;
			buildPhases = (
				3503B90F1A8FE47A001BB31E /* Sources */,
				3503B9101A8FE47A001BB31E /* Frameworks */,
				3503B9111A8FE47A001BB31E /* Resources */,
			);
			buildRules = (
			);
			dependencies = (
				3503B9151A8FE47A001BB31E /* PBXTargetDependency */,
			);
			name = EverPobreSwiftTests;
			productName = EverPobreSwiftTests;
			productReference = 3503B9131A8FE47A001BB31E /* EverPobreSwiftTests.xctest */;
			productType = "com.apple.product-type.bundle.unit-test";
		};
/* End PBXNativeTarget section */

/* Begin PBXProject section */
		3503B8F61A8FE47A001BB31E /* Project object */ = {
			isa = PBXProject;
			attributes = {
				LastUpgradeCheck = 0610;
				ORGANIZATIONNAME = "Alejandro Rodriguez";
				TargetAttributes = {
					3503B8FD1A8FE47A001BB31E = {
						CreatedOnToolsVersion = 6.1.1;
					};
					3503B9121A8FE47A001BB31E = {
						CreatedOnToolsVersion = 6.1.1;
						TestTargetID = 3503B8FD1A8FE47A001BB31E;
					};
				};
			};
			buildConfigurationList = 3503B8F91A8FE47A001BB31E /* Build configuration list for PBXProject "EverPobreSwift" */;
			compatibilityVersion = "Xcode 3.2";
			developmentRegion = English;
			hasScannedForEncodings = 0;
			knownRegions = (
				en,
				Base,
			);
			mainGroup = 3503B8F51A8FE47A001BB31E;
			productRefGroup = 3503B8FF1A8FE47A001BB31E /* Products */;
			projectDirPath = "";
			projectRoot = "";
			targets = (
				3503B8FD1A8FE47A001BB31E /* EverPobreSwift */,
				3503B9121A8FE47A001BB31E /* EverPobreSwiftTests */,
			);
		};
/* End PBXProject section */

/* Begin PBXResourcesBuildPhase section */
		3503B8FC1A8FE47A001BB31E /* Resources */ = {
			isa = PBXResourcesBuildPhase;
			buildActionMask = 2147483647;
			files = (
				3503B9091A8FE47A001BB31E /* Main.storyboard in Resources */,
				3503B90E1A8FE47A001BB31E /* LaunchScreen.xib in Resources */,
				3503B90B1A8FE47A001BB31E /* Images.xcassets in Resources */,
			);
			runOnlyForDeploymentPostprocessing = 0;
		};
		3503B9111A8FE47A001BB31E /* Resources */ = {
			isa = PBXResourcesBuildPhase;
			buildActionMask = 2147483647;
			files = (
			);
			runOnlyForDeploymentPostprocessing = 0;
		};
/* End PBXResourcesBuildPhase section */

/* Begin PBXSourcesBuildPhase section */
		3503B8FA1A8FE47A001BB31E /* Sources */ = {
			isa = PBXSourcesBuildPhase;
			buildActionMask = 2147483647;
			files = (
				3503B9061A8FE47A001BB31E /* ViewController.swift in Sources */,
				3503B9041A8FE47A001BB31E /* AppDelegate.swift in Sources */,
			);
			runOnlyForDeploymentPostprocessing = 0;
		};
		3503B90F1A8FE47A001BB31E /* Sources */ = {
			isa = PBXSourcesBuildPhase;
			buildActionMask = 2147483647;
			files = (
				3503B91A1A8FE47A001BB31E /* EverPobreSwiftTests.swift in Sources */,
			);
			runOnlyForDeploymentPostprocessing = 0;
		};
/* End PBXSourcesBuildPhase section */

/* Begin PBXTargetDependency section */
		3503B9151A8FE47A001BB31E /* PBXTargetDependency */ = {
			isa = PBXTargetDependency;
			target = 3503B8FD1A8FE47A001BB31E /* EverPobreSwift */;
			targetProxy = 3503B9141A8FE47A001BB31E /* PBXContainerItemProxy */;
		};
/* End PBXTargetDependency section */

/* Begin PBXVariantGroup section */
		3503B9071A8FE47A001BB31E /* Main.storyboard */ = {
			isa = PBXVariantGroup;
			children = (
				3503B9081A8FE47A001BB31E /* Base */,
			);
			name = Main.storyboard;
			sourceTree = "<group>";
		};
		3503B90C1A8FE47A001BB31E /* LaunchScreen.xib */ = {
			isa = PBXVariantGroup;
			children = (
				3503B90D1A8FE47A001BB31E /* Base */,
			);
			name = LaunchScreen.xib;
			sourceTree = "<group>";
		};
/* End PBXVariantGroup section */

/* Begin XCBuildConfiguration section */
		3503B91B1A8FE47A001BB31E /* Debug */ = {
			isa = XCBuildConfiguration;
			buildSettings = {
				ALWAYS_SEARCH_USER_PATHS = NO;
				CLANG_CXX_LANGUAGE_STANDARD = "gnu++0x";
				CLANG_CXX_LIBRARY = "libc++";
				CLANG_ENABLE_MODULES = YES;
				CLANG_ENABLE_OBJC_ARC = YES;
				CLANG_WARN_BOOL_CONVERSION = YES;
				CLANG_WARN_CONSTANT_CONVERSION = YES;
				CLANG_WARN_DIRECT_OBJC_ISA_USAGE = YES_ERROR;
				CLANG_WARN_EMPTY_BODY = YES;
				CLANG_WARN_ENUM_CONVERSION = YES;
				CLANG_WARN_INT_CONVERSION = YES;
				CLANG_WARN_OBJC_ROOT_CLASS = YES_ERROR;
				CLANG_WARN_UNREACHABLE_CODE = YES;
				CLANG_WARN__DUPLICATE_METHOD_MATCH = YES;
				"CODE_SIGN_IDENTITY[sdk=iphoneos*]" = "iPhone Developer";
				COPY_PHASE_STRIP = NO;
				ENABLE_STRICT_OBJC_MSGSEND = YES;
				GCC_C_LANGUAGE_STANDARD = gnu99;
				GCC_DYNAMIC_NO_PIC = NO;
				GCC_OPTIMIZATION_LEVEL = 0;
				GCC_PREPROCESSOR_DEFINITIONS = (
					"DEBUG=1",
					"$(inherited)",
				);
				GCC_SYMBOLS_PRIVATE_EXTERN = NO;
				GCC_WARN_64_TO_32_BIT_CONVERSION = YES;
				GCC_WARN_ABOUT_RETURN_TYPE = YES_ERROR;
				GCC_WARN_UNDECLARED_SELECTOR = YES;
				GCC_WARN_UNINITIALIZED_AUTOS = YES_AGGRESSIVE;
				GCC_WARN_UNUSED_FUNCTION = YES;
				GCC_WARN_UNUSED_VARIABLE = YES;
				IPHONEOS_DEPLOYMENT_TARGET = 8.1;
				MTL_ENABLE_DEBUG_INFO = YES;
				ONLY_ACTIVE_ARCH = YES;
				SDKROOT = iphoneos;
				SWIFT_OPTIMIZATION_LEVEL = "-Onone";
			};
			name = Debug;
		};
		3503B91C1A8FE47A001BB31E /* Release */ = {
			isa = XCBuildConfiguration;
			buildSettings = {
				ALWAYS_SEARCH_USER_PATHS = NO;
				CLANG_CXX_LANGUAGE_STANDARD = "gnu++0x";
				CLANG_CXX_LIBRARY = "libc++";
				CLANG_ENABLE_MODULES = YES;
				CLANG_ENABLE_OBJC_ARC = YES;
				CLANG_WARN_BOOL_CONVERSION = YES;
				CLANG_WARN_CONSTANT_CONVERSION = YES;
				CLANG_WARN_DIRECT_OBJC_ISA_USAGE = YES_ERROR;
				CLANG_WARN_EMPTY_BODY = YES;
				CLANG_WARN_ENUM_CONVERSION = YES;
				CLANG_WARN_INT_CONVERSION = YES;
				CLANG_WARN_OBJC_ROOT_CLASS = YES_ERROR;
				CLANG_WARN_UNREACHABLE_CODE = YES;
				CLANG_WARN__DUPLICATE_METHOD_MATCH = YES;
				"CODE_SIGN_IDENTITY[sdk=iphoneos*]" = "iPhone Developer";
				COPY_PHASE_STRIP = YES;
				ENABLE_NS_ASSERTIONS = NO;
				ENABLE_STRICT_OBJC_MSGSEND = YES;
				GCC_C_LANGUAGE_STANDARD = gnu99;
				GCC_WARN_64_TO_32_BIT_CONVERSION = YES;
				GCC_WARN_ABOUT_RETURN_TYPE = YES_ERROR;
				GCC_WARN_UNDECLARED_SELECTOR = YES;
				GCC_WARN_UNINITIALIZED_AUTOS = YES_AGGRESSIVE;
				GCC_WARN_UNUSED_FUNCTION = YES;
				GCC_WARN_UNUSED_VARIABLE = YES;
				IPHONEOS_DEPLOYMENT_TARGET = 8.1;
				MTL_ENABLE_DEBUG_INFO = NO;
				SDKROOT = iphoneos;
				VALIDATE_PRODUCT = YES;
			};
			name = Release;
		};
		3503B91E1A8FE47A001BB31E /* Debug */ = {
			isa = XCBuildConfiguration;
			buildSettings = {
				ASSETCATALOG_COMPILER_APPICON_NAME = AppIcon;
				INFOPLIST_FILE = EverPobreSwift/Info.plist;
				LD_RUNPATH_SEARCH_PATHS = "$(inherited) @executable_path/Frameworks";
				PRODUCT_NAME = "$(TARGET_NAME)";
			};
			name = Debug;
		};
		3503B91F1A8FE47A001BB31E /* Release */ = {
			isa = XCBuildConfiguration;
			buildSettings = {
				ASSETCATALOG_COMPILER_APPICON_NAME = AppIcon;
				INFOPLIST_FILE = EverPobreSwift/Info.plist;
				LD_RUNPATH_SEARCH_PATHS = "$(inherited) @executable_path/Frameworks";
				PRODUCT_NAME = "$(TARGET_NAME)";
			};
			name = Release;
		};
		3503B9211A8FE47A001BB31E /* Debug */ = {
			isa = XCBuildConfiguration;
			buildSettings = {
				BUNDLE_LOADER = "$(TEST_HOST)";
				FRAMEWORK_SEARCH_PATHS = (
					"$(SDKROOT)/Developer/Library/Frameworks",
					"$(inherited)",
				);
				GCC_PREPROCESSOR_DEFINITIONS = (
					"DEBUG=1",
					"$(inherited)",
				);
				INFOPLIST_FILE = EverPobreSwiftTests/Info.plist;
				LD_RUNPATH_SEARCH_PATHS = "$(inherited) @executable_path/Frameworks @loader_path/Frameworks";
				PRODUCT_NAME = "$(TARGET_NAME)";
				TEST_HOST = "$(BUILT_PRODUCTS_DIR)/EverPobreSwift.app/EverPobreSwift";
			};
			name = Debug;
		};
		3503B9221A8FE47A001BB31E /* Release */ = {
			isa = XCBuildConfiguration;
			buildSettings = {
				BUNDLE_LOADER = "$(TEST_HOST)";
				FRAMEWORK_SEARCH_PATHS = (
					"$(SDKROOT)/Developer/Library/Frameworks",
					"$(inherited)",
				);
				INFOPLIST_FILE = EverPobreSwiftTests/Info.plist;
				LD_RUNPATH_SEARCH_PATHS = "$(inherited) @executable_path/Frameworks @loader_path/Frameworks";
				PRODUCT_NAME = "$(TARGET_NAME)";
				TEST_HOST = "$(BUILT_PRODUCTS_DIR)/EverPobreSwift.app/EverPobreSwift";
			};
			name = Release;
		};
/* End XCBuildConfiguration section */

/* Begin XCConfigurationList section */
		3503B8F91A8FE47A001BB31E /* Build configuration list for PBXProject "EverPobreSwift" */ = {
			isa = XCConfigurationList;
			buildConfigurations = (
				3503B91B1A8FE47A001BB31E /* Debug */,
				3503B91C1A8FE47A001BB31E /* Release */,
			);
			defaultConfigurationIsVisible = 0;
			defaultConfigurationName = Release;
		};
		3503B91D1A8FE47A001BB31E /* Build configuration list for PBXNativeTarget "EverPobreSwift" */ = {
			isa = XCConfigurationList;
			buildConfigurations = (
				3503B91E1A8FE47A001BB31E /* Debug */,
				3503B91F1A8FE47A001BB31E /* Release */,
			);
			defaultConfigurationIsVisible = 0;
		};
		3503B9201A8FE47A001BB31E /* Build configuration list for PBXNativeTarget "EverPobreSwiftTests" */ = {
			isa = XCConfigurationList;
			buildConfigurations = (
				3503B9211A8FE47A001BB31E /* Debug */,
				3503B9221A8FE47A001BB31E /* Release */,
			);
			defaultConfigurationIsVisible = 0;
		};
/* End XCConfigurationList section */
	};
	rootObject = 3503B8F61A8FE47A001BB31E /* Project object */;
}
